
Microsoft Visual Studio Solution File, Format Version 12.00
# Visual Studio Version 17
VisualStudioVersion = 17.13.35931.197
MinimumVisualStudioVersion = 10.0.40219.1
Project("{FAE04EC0-301F-11D3-BF4B-00C04F79EFBC}") = "Calcu", "Consola\Calcu.csproj", "{79B605A8-9244-4DB2-ABF3-ABECE2623C63}"
EndProject
Project("{FAE04EC0-301F-11D3-BF4B-00C04F79EFBC}") = "WindowsForms", "WindowsForms\WindowsForms.csproj", "{9CA570D3-0493-4DEE-A0FB-537E39D3FFBC}"
EndProject
Project("{FAE04EC0-301F-11D3-BF4B-00C04F79EFBC}") = "AplicacionWebASP.NET.Core", "AplicacionWebASP.NET.Core\AplicacionWebASP.NET.Core.csproj", "{52478823-6B9C-42A6-8889-098B71D7478E}"
EndProject
Project("{FAE04EC0-301F-11D3-BF4B-00C04F79EFBC}") = "BlazorAppWebAssembly", "BlazorAppWebAssembly\BlazorAppWebAssembly.csproj", "{81F05C91-0D00-4125-BA80-22CA91473EA1}"
EndProject
Project("{FAE04EC0-301F-11D3-BF4B-00C04F79EFBC}") = "AplicacionNETMAUI", "AplicacionNETMAUI\AplicacionNETMAUI.csproj", "{558E8627-9257-4919-A1C0-54E5ABB6CBB0}"
EndProject
Project("{FAE04EC0-301F-11D3-BF4B-00C04F79EFBC}") = "WindowsPresentationFoundation", "WindowsPresentationFoundation\WindowsPresentationFoundation.csproj", "{7A6EA89F-3E09-4D5D-A97A-E459F74A6B89}"
EndProject
Global
	GlobalSection(SolutionConfigurationPlatforms) = preSolution
		Debug|Any CPU = Debug|Any CPU
		Release|Any CPU = Release|Any CPU
	EndGlobalSection
	GlobalSection(ProjectConfigurationPlatforms) = postSolution
		{79B605A8-9244-4DB2-ABF3-ABECE2623C63}.Debug|Any CPU.ActiveCfg = Debug|Any CPU
		{79B605A8-9244-4DB2-ABF3-ABECE2623C63}.Debug|Any CPU.Build.0 = Debug|Any CPU
		{79B605A8-9244-4DB2-ABF3-ABECE2623C63}.Release|Any CPU.ActiveCfg = Release|Any CPU
		{79B605A8-9244-4DB2-ABF3-ABECE2623C63}.Release|Any CPU.Build.0 = Release|Any CPU
		{9CA570D3-0493-4DEE-A0FB-537E39D3FFBC}.Debug|Any CPU.ActiveCfg = Debug|Any CPU
		{9CA570D3-0493-4DEE-A0FB-537E39D3FFBC}.Debug|Any CPU.Build.0 = Debug|Any CPU
		{9CA570D3-0493-4DEE-A0FB-537E39D3FFBC}.Release|Any CPU.ActiveCfg = Release|Any CPU
		{9CA570D3-0493-4DEE-A0FB-537E39D3FFBC}.Release|Any CPU.Build.0 = Release|Any CPU
		{52478823-6B9C-42A6-8889-098B71D7478E}.Debug|Any CPU.ActiveCfg = Debug|Any CPU
		{52478823-6B9C-42A6-8889-098B71D7478E}.Debug|Any CPU.Build.0 = Debug|Any CPU
		{52478823-6B9C-42A6-8889-098B71D7478E}.Release|Any CPU.ActiveCfg = Release|Any CPU
		{52478823-6B9C-42A6-8889-098B71D7478E}.Release|Any CPU.Build.0 = Release|Any CPU
		{81F05C91-0D00-4125-BA80-22CA91473EA1}.Debug|Any CPU.ActiveCfg = Debug|Any CPU
		{81F05C91-0D00-4125-BA80-22CA91473EA1}.Debug|Any CPU.Build.0 = Debug|Any CPU
		{81F05C91-0D00-4125-BA80-22CA91473EA1}.Release|Any CPU.ActiveCfg = Release|Any CPU
		{81F05C91-0D00-4125-BA80-22CA91473EA1}.Release|Any CPU.Build.0 = Release|Any CPU
		{558E8627-9257-4919-A1C0-54E5ABB6CBB0}.Debug|Any CPU.ActiveCfg = Debug|Any CPU
		{558E8627-9257-4919-A1C0-54E5ABB6CBB0}.Debug|Any CPU.Build.0 = Debug|Any CPU
		{558E8627-9257-4919-A1C0-54E5ABB6CBB0}.Debug|Any CPU.Deploy.0 = Debug|Any CPU
		{558E8627-9257-4919-A1C0-54E5ABB6CBB0}.Release|Any CPU.ActiveCfg = Release|Any CPU
		{558E8627-9257-4919-A1C0-54E5ABB6CBB0}.Release|Any CPU.Build.0 = Release|Any CPU
		{558E8627-9257-4919-A1C0-54E5ABB6CBB0}.Release|Any CPU.Deploy.0 = Release|Any CPU
		{7A6EA89F-3E09-4D5D-A97A-E459F74A6B89}.Debug|Any CPU.ActiveCfg = Debug|Any CPU
		{7A6EA89F-3E09-4D5D-A97A-E459F74A6B89}.Debug|Any CPU.Build.0 = Debug|Any CPU
		{7A6EA89F-3E09-4D5D-A97A-E459F74A6B89}.Release|Any CPU.ActiveCfg = Release|Any CPU
		{7A6EA89F-3E09-4D5D-A97A-E459F74A6B89}.Release|Any CPU.Build.0 = Release|Any CPU
	EndGlobalSection
	GlobalSection(SolutionProperties) = preSolution
		HideSolutionNode = FALSE
	EndGlobalSection
	GlobalSection(ExtensibilityGlobals) = postSolution
		SolutionGuid = {7E6AB040-7BDC-424C-81E6-9398625339B7}
	EndGlobalSection
EndGlobal
